
Microsoft Visual Studio Solution File, Format Version 12.00
# Visual Studio Version 17
VisualStudioVersion = 17.12.35707.178
MinimumVisualStudioVersion = 10.0.40219.1
Project("{8BC9CEB8-8B4A-11D0-8D11-00A0C91BC942}") = "TasksList", "TasksList\TasksList.vcxproj", "{E2D5AD16-7FBD-44AE-B112-7B916B9CC709}"
EndProject
Project("{8BC9CEB8-8B4A-11D0-8D11-00A0C91BC942}") = "Google-tests", "Google-tests\Google-tests.vcxproj", "{BDED11F5-36F4-4C78-ACA2-6FED7250FC1F}"
EndProject
Project("{8BC9CEB8-8B4A-11D0-8D11-00A0C91BC942}") = "VisualCalculator", "VisualCalculator\VisualCalculator.vcxproj", "{1D7048C3-3280-4469-AF75-3B7698E0CBE4}"
EndProject
Project("{8BC9CEB8-8B4A-11D0-8D11-00A0C91BC942}") = "Visual", "Visual\Visual.vcxproj", "{44DA11AF-0D6C-4570-80EB-516A1954D572}"
EndProject
Global
	GlobalSection(SolutionConfigurationPlatforms) = preSolution
		Debug|x64 = Debug|x64
		Debug|x86 = Debug|x86
		Release|x64 = Release|x64
		Release|x86 = Release|x86
	EndGlobalSection
	GlobalSection(ProjectConfigurationPlatforms) = postSolution
		{E2D5AD16-7FBD-44AE-B112-7B916B9CC709}.Debug|x64.ActiveCfg = Debug|x64
		{E2D5AD16-7FBD-44AE-B112-7B916B9CC709}.Debug|x64.Build.0 = Debug|x64
		{E2D5AD16-7FBD-44AE-B112-7B916B9CC709}.Debug|x86.ActiveCfg = Debug|Win32
		{E2D5AD16-7FBD-44AE-B112-7B916B9CC709}.Debug|x86.Build.0 = Debug|Win32
		{E2D5AD16-7FBD-44AE-B112-7B916B9CC709}.Release|x64.ActiveCfg = Release|x64
		{E2D5AD16-7FBD-44AE-B112-7B916B9CC709}.Release|x64.Build.0 = Release|x64
		{E2D5AD16-7FBD-44AE-B112-7B916B9CC709}.Release|x86.ActiveCfg = Release|Win32
		{E2D5AD16-7FBD-44AE-B112-7B916B9CC709}.Release|x86.Build.0 = Release|Win32
		{BDED11F5-36F4-4C78-ACA2-6FED7250FC1F}.Debug|x64.ActiveCfg = Debug|x64
		{BDED11F5-36F4-4C78-ACA2-6FED7250FC1F}.Debug|x64.Build.0 = Debug|x64
		{BDED11F5-36F4-4C78-ACA2-6FED7250FC1F}.Debug|x86.ActiveCfg = Debug|Win32
		{BDED11F5-36F4-4C78-ACA2-6FED7250FC1F}.Debug|x86.Build.0 = Debug|Win32
		{BDED11F5-36F4-4C78-ACA2-6FED7250FC1F}.Release|x64.ActiveCfg = Release|x64
		{BDED11F5-36F4-4C78-ACA2-6FED7250FC1F}.Release|x64.Build.0 = Release|x64
		{BDED11F5-36F4-4C78-ACA2-6FED7250FC1F}.Release|x86.ActiveCfg = Release|Win32
		{BDED11F5-36F4-4C78-ACA2-6FED7250FC1F}.Release|x86.Build.0 = Release|Win32
		{1D7048C3-3280-4469-AF75-3B7698E0CBE4}.Debug|x64.ActiveCfg = Debug|x64
		{1D7048C3-3280-4469-AF75-3B7698E0CBE4}.Debug|x64.Build.0 = Debug|x64
		{1D7048C3-3280-4469-AF75-3B7698E0CBE4}.Debug|x86.ActiveCfg = Debug|Win32
		{1D7048C3-3280-4469-AF75-3B7698E0CBE4}.Debug|x86.Build.0 = Debug|Win32
		{1D7048C3-3280-4469-AF75-3B7698E0CBE4}.Release|x64.ActiveCfg = Release|x64
		{1D7048C3-3280-4469-AF75-3B7698E0CBE4}.Release|x64.Build.0 = Release|x64
		{1D7048C3-3280-4469-AF75-3B7698E0CBE4}.Release|x86.ActiveCfg = Release|Win32
		{1D7048C3-3280-4469-AF75-3B7698E0CBE4}.Release|x86.Build.0 = Release|Win32
		{44DA11AF-0D6C-4570-80EB-516A1954D572}.Debug|x64.ActiveCfg = Debug|x64
		{44DA11AF-0D6C-4570-80EB-516A1954D572}.Debug|x64.Build.0 = Debug|x64
		{44DA11AF-0D6C-4570-80EB-516A1954D572}.Debug|x86.ActiveCfg = Debug|Win32
		{44DA11AF-0D6C-4570-80EB-516A1954D572}.Debug|x86.Build.0 = Debug|Win32
		{44DA11AF-0D6C-4570-80EB-516A1954D572}.Release|x64.ActiveCfg = Release|x64
		{44DA11AF-0D6C-4570-80EB-516A1954D572}.Release|x64.Build.0 = Release|x64
		{44DA11AF-0D6C-4570-80EB-516A1954D572}.Release|x86.ActiveCfg = Release|Win32
		{44DA11AF-0D6C-4570-80EB-516A1954D572}.Release|x86.Build.0 = Release|Win32
	EndGlobalSection
	GlobalSection(SolutionProperties) = preSolution
		HideSolutionNode = FALSE
	EndGlobalSection
EndGlobal
